# THIS IS AN AUTOGENERATED FILE. DO NOT EDIT THIS FILE DIRECTLY.
# yarn lockfile v1


atob@^2.1.2:
  version "2.1.2"
  resolved "https://registry.yarnpkg.com/atob/-/atob-2.1.2.tgz#6d9517eb9e030d2436666651e86bd9f6f13533c9"
  integrity sha512-Wm6ukoaOGJi/73p/cl2GvLjTI5JM1k/O14isD73YML8StrH/7/lRFgmg8nICZgD3bZZvjwCGxtMOD3wWNAu8cg==

base32-decode@^1.0.0:
  version "1.0.0"
  resolved "https://registry.yarnpkg.com/base32-decode/-/base32-decode-1.0.0.tgz#2a821d6a664890c872f20aa9aca95a4b4b80e2a7"
  integrity sha512-KNWUX/R7wKenwE/G/qFMzGScOgVntOmbE27vvc6GrniDGYb6a5+qWcuoXl8WIOQL7q0TpK7nZDm1Y04Yi3Yn5g==

base32@^0.0.7:
  version "0.0.7"
  resolved "https://registry.yarnpkg.com/base32/-/base32-0.0.7.tgz#9d3c21de7efde73086fa0164d57ffcb1120c68ea"
  integrity sha512-ire9Jmh+BsUk4Idu0wu6aKeJJr/2j28Mlu0qqJBd1SyOGxW/VRotkfwAv3/KE/entVlNwCefs9bxi7kBeCIxTQ==
  dependencies:
    minimist "^1.2.6"

hi-base32@^0.5.1:
  version "0.5.1"
  resolved "https://registry.yarnpkg.com/hi-base32/-/hi-base32-0.5.1.tgz#1279f2ddae2673219ea5870c2121d2a33132857e"
  integrity sha512-EmBBpvdYh/4XxsnUybsPag6VikPYnN30td+vQk+GI3qpahVEG9+gTkG0aXVxTjBqQ5T6ijbWIu77O+C5WFWsnA==

is-base64@^1.1.0:
  version "1.1.0"
  resolved "https://registry.yarnpkg.com/is-base64/-/is-base64-1.1.0.tgz#8ce1d719895030a457c59a7dcaf39b66d99d56b4"
  integrity sha512-Nlhg7Z2dVC4/PTvIFkgVVNvPHSO2eR/Yd0XzhGiXCXEvWnptXlXa/clQ8aePPiMuxEGcWfzWbGw2Fe3d+Y3v1g==

minimist@^1.2.6:
  version "1.2.7"
  resolved "https://registry.yarnpkg.com/minimist/-/minimist-1.2.7.tgz#daa1c4d91f507390437c6a8bc01078e7000c4d18"
  integrity sha512-bzfL1YUZsP41gmu/qjrEk0Q6i2ix/cVeAhbCbqH9u3zYutS1cLg00qhrD0M2MVdCcx4Sc0UpP2eBWo9rotpq6g==
